github.com/aditya37/modulation/transport v0.0.0-20231209144927-197478eb44e3 h1:EGqqvHZAuApa/ftBrmTCnQGp2bCQQjrWw7H32eE4rhE=
github.com/aditya37/modulation/transport v0.0.0-20231209144927-197478eb44e3/go.mod h1:QHm4FhBnV2kbtVBZOFi38BojhAOOg/P8xv2RmPo5v24=
github.com/aditya37/modulation/transport/v2 v2.0.0-20231209124740-15014dbf961b h1:TyMkCJammse2t6t1Wsl4eEIjtKNXV8oI2lw+acXJtAg=
github.com/aditya37/modulation/transport/v2 v2.0.0-20231209124740-15014dbf961b/go.mod h1:gUdsOA2eYoJqkvKGqj8ZsL6YrbzKv+onX5WVngXqhbo=
